
Microsoft Visual Studio Solution File, Format Version 12.00
# Visual Studio Version 16
VisualStudioVersion = 16.0.30717.126
MinimumVisualStudioVersion = 10.0.40219.1
Project("{FAE04EC0-301F-11D3-BF4B-00C04F79EFBC}") = "MIMS4.Presentation", "MIMS4.Presentation\MIMS4.Presentation.csproj", "{6A5E87E3-373F-4E33-B8E0-E828C6027F10}"
EndProject
Project("{FAE04EC0-301F-11D3-BF4B-00C04F79EFBC}") = "Subs.Data", "Subs.Data\Subs.Data.csproj", "{F501278F-2AE1-4EAE-8DDC-6029ECE74EED}"
EndProject
Project("{FAE04EC0-301F-11D3-BF4B-00C04F79EFBC}") = "Subs.Business", "Subs.Business\Subs.Business.csproj", "{8F19CAA0-097F-4ADC-A1FE-028364F85C68}"
EndProject
Project("{FAE04EC0-301F-11D3-BF4B-00C04F79EFBC}") = "Subs4.Presentation", "Subs4.Presentation\Subs4.Presentation.csproj", "{8CDB73BC-5CFF-4173-86B6-3103BF3592EB}"
EndProject
Project("{FAE04EC0-301F-11D3-BF4B-00C04F79EFBC}") = "Subs.XMLService", "Subs.XMLService\Subs.XMLService.csproj", "{B94AA628-58E1-4A31-80CC-1FBED26C5E35}"
EndProject
Project("{FAE04EC0-301F-11D3-BF4B-00C04F79EFBC}") = "Subs.XMLServiceTest", "Subs.XMLServiceTest\Subs.XMLServiceTest.csproj", "{9C43C32D-C3D0-4773-9502-4D0293B791B8}"
EndProject
Project("{FAE04EC0-301F-11D3-BF4B-00C04F79EFBC}") = "Subs.MimsWeb", "Subs.MimsWeb\Subs.MimsWeb.csproj", "{9F85AAF6-632F-4C38-9837-BA0651716F1D}"
EndProject
Project("{FAE04EC0-301F-11D3-BF4B-00C04F79EFBC}") = "Subs.Presentation", "Subs.Presentation\Subs.Presentation.csproj", "{438301AB-3926-4249-9A34-3289FF0571DE}"
EndProject
Global
	GlobalSection(SolutionConfigurationPlatforms) = preSolution
		Debug|Any CPU = Debug|Any CPU
		Debug|Mixed Platforms = Debug|Mixed Platforms
		Debug|x64 = Debug|x64
		Debug|x86 = Debug|x86
		DebugLocal|Any CPU = DebugLocal|Any CPU
		DebugLocal|Mixed Platforms = DebugLocal|Mixed Platforms
		DebugLocal|x64 = DebugLocal|x64
		DebugLocal|x86 = DebugLocal|x86
		Release|Any CPU = Release|Any CPU
		Release|Mixed Platforms = Release|Mixed Platforms
		Release|x64 = Release|x64
		Release|x86 = Release|x86
	EndGlobalSection
	GlobalSection(ProjectConfigurationPlatforms) = postSolution
		{6A5E87E3-373F-4E33-B8E0-E828C6027F10}.Debug|Any CPU.ActiveCfg = Debug|Any CPU
		{6A5E87E3-373F-4E33-B8E0-E828C6027F10}.Debug|Any CPU.Build.0 = Debug|Any CPU
		{6A5E87E3-373F-4E33-B8E0-E828C6027F10}.Debug|Mixed Platforms.ActiveCfg = Debug|x86
		{6A5E87E3-373F-4E33-B8E0-E828C6027F10}.Debug|Mixed Platforms.Build.0 = Debug|x86
		{6A5E87E3-373F-4E33-B8E0-E828C6027F10}.Debug|x64.ActiveCfg = Debug|x86
		{6A5E87E3-373F-4E33-B8E0-E828C6027F10}.Debug|x86.ActiveCfg = Debug|x86
		{6A5E87E3-373F-4E33-B8E0-E828C6027F10}.Debug|x86.Build.0 = Debug|x86
		{6A5E87E3-373F-4E33-B8E0-E828C6027F10}.DebugLocal|Any CPU.ActiveCfg = Debug|Any CPU
		{6A5E87E3-373F-4E33-B8E0-E828C6027F10}.DebugLocal|Any CPU.Build.0 = Debug|Any CPU
		{6A5E87E3-373F-4E33-B8E0-E828C6027F10}.DebugLocal|Mixed Platforms.ActiveCfg = Debug|x86
		{6A5E87E3-373F-4E33-B8E0-E828C6027F10}.DebugLocal|Mixed Platforms.Build.0 = Debug|x86
		{6A5E87E3-373F-4E33-B8E0-E828C6027F10}.DebugLocal|x64.ActiveCfg = Debug|x64
		{6A5E87E3-373F-4E33-B8E0-E828C6027F10}.DebugLocal|x64.Build.0 = Debug|x64
		{6A5E87E3-373F-4E33-B8E0-E828C6027F10}.DebugLocal|x86.ActiveCfg = Debug|x86
		{6A5E87E3-373F-4E33-B8E0-E828C6027F10}.DebugLocal|x86.Build.0 = Debug|x86
		{6A5E87E3-373F-4E33-B8E0-E828C6027F10}.Release|Any CPU.ActiveCfg = Release|Any CPU
		{6A5E87E3-373F-4E33-B8E0-E828C6027F10}.Release|Any CPU.Build.0 = Release|Any CPU
		{6A5E87E3-373F-4E33-B8E0-E828C6027F10}.Release|Mixed Platforms.ActiveCfg = Release|x86
		{6A5E87E3-373F-4E33-B8E0-E828C6027F10}.Release|Mixed Platforms.Build.0 = Release|x86
		{6A5E87E3-373F-4E33-B8E0-E828C6027F10}.Release|x64.ActiveCfg = Release|x86
		{6A5E87E3-373F-4E33-B8E0-E828C6027F10}.Release|x86.ActiveCfg = Release|x86
		{6A5E87E3-373F-4E33-B8E0-E828C6027F10}.Release|x86.Build.0 = Release|x86
		{F501278F-2AE1-4EAE-8DDC-6029ECE74EED}.Debug|Any CPU.ActiveCfg = Debug|Any CPU
		{F501278F-2AE1-4EAE-8DDC-6029ECE74EED}.Debug|Any CPU.Build.0 = Debug|Any CPU
		{F501278F-2AE1-4EAE-8DDC-6029ECE74EED}.Debug|Mixed Platforms.ActiveCfg = Debug|Any CPU
		{F501278F-2AE1-4EAE-8DDC-6029ECE74EED}.Debug|Mixed Platforms.Build.0 = Debug|Any CPU
		{F501278F-2AE1-4EAE-8DDC-6029ECE74EED}.Debug|x64.ActiveCfg = Debug|x64
		{F501278F-2AE1-4EAE-8DDC-6029ECE74EED}.Debug|x64.Build.0 = Debug|x64
		{F501278F-2AE1-4EAE-8DDC-6029ECE74EED}.Debug|x86.ActiveCfg = Debug|Any CPU
		{F501278F-2AE1-4EAE-8DDC-6029ECE74EED}.DebugLocal|Any CPU.ActiveCfg = Debug|Any CPU
		{F501278F-2AE1-4EAE-8DDC-6029ECE74EED}.DebugLocal|Any CPU.Build.0 = Debug|Any CPU
		{F501278F-2AE1-4EAE-8DDC-6029ECE74EED}.DebugLocal|Mixed Platforms.ActiveCfg = Debug|Any CPU
		{F501278F-2AE1-4EAE-8DDC-6029ECE74EED}.DebugLocal|Mixed Platforms.Build.0 = Debug|Any CPU
		{F501278F-2AE1-4EAE-8DDC-6029ECE74EED}.DebugLocal|x64.ActiveCfg = Debug|x64
		{F501278F-2AE1-4EAE-8DDC-6029ECE74EED}.DebugLocal|x64.Build.0 = Debug|x64
		{F501278F-2AE1-4EAE-8DDC-6029ECE74EED}.DebugLocal|x86.ActiveCfg = Debug|Any CPU
		{F501278F-2AE1-4EAE-8DDC-6029ECE74EED}.DebugLocal|x86.Build.0 = Debug|Any CPU
		{F501278F-2AE1-4EAE-8DDC-6029ECE74EED}.Release|Any CPU.ActiveCfg = Release|Any CPU
		{F501278F-2AE1-4EAE-8DDC-6029ECE74EED}.Release|Any CPU.Build.0 = Release|Any CPU
		{F501278F-2AE1-4EAE-8DDC-6029ECE74EED}.Release|Mixed Platforms.ActiveCfg = Release|Any CPU
		{F501278F-2AE1-4EAE-8DDC-6029ECE74EED}.Release|Mixed Platforms.Build.0 = Release|Any CPU
		{F501278F-2AE1-4EAE-8DDC-6029ECE74EED}.Release|x64.ActiveCfg = Release|x64
		{F501278F-2AE1-4EAE-8DDC-6029ECE74EED}.Release|x64.Build.0 = Release|x64
		{F501278F-2AE1-4EAE-8DDC-6029ECE74EED}.Release|x86.ActiveCfg = Release|Any CPU
		{8F19CAA0-097F-4ADC-A1FE-028364F85C68}.Debug|Any CPU.ActiveCfg = Debug|Any CPU
		{8F19CAA0-097F-4ADC-A1FE-028364F85C68}.Debug|Any CPU.Build.0 = Debug|Any CPU
		{8F19CAA0-097F-4ADC-A1FE-028364F85C68}.Debug|Mixed Platforms.ActiveCfg = Debug|Any CPU
		{8F19CAA0-097F-4ADC-A1FE-028364F85C68}.Debug|Mixed Platforms.Build.0 = Debug|Any CPU
		{8F19CAA0-097F-4ADC-A1FE-028364F85C68}.Debug|x64.ActiveCfg = Debug|x64
		{8F19CAA0-097F-4ADC-A1FE-028364F85C68}.Debug|x64.Build.0 = Debug|x64
		{8F19CAA0-097F-4ADC-A1FE-028364F85C68}.Debug|x86.ActiveCfg = Debug|Any CPU
		{8F19CAA0-097F-4ADC-A1FE-028364F85C68}.DebugLocal|Any CPU.ActiveCfg = Debug|Any CPU
		{8F19CAA0-097F-4ADC-A1FE-028364F85C68}.DebugLocal|Any CPU.Build.0 = Debug|Any CPU
		{8F19CAA0-097F-4ADC-A1FE-028364F85C68}.DebugLocal|Mixed Platforms.ActiveCfg = Debug|Any CPU
		{8F19CAA0-097F-4ADC-A1FE-028364F85C68}.DebugLocal|Mixed Platforms.Build.0 = Debug|Any CPU
		{8F19CAA0-097F-4ADC-A1FE-028364F85C68}.DebugLocal|x64.ActiveCfg = Debug|x64
		{8F19CAA0-097F-4ADC-A1FE-028364F85C68}.DebugLocal|x64.Build.0 = Debug|x64
		{8F19CAA0-097F-4ADC-A1FE-028364F85C68}.DebugLocal|x86.ActiveCfg = Debug|Any CPU
		{8F19CAA0-097F-4ADC-A1FE-028364F85C68}.DebugLocal|x86.Build.0 = Debug|Any CPU
		{8F19CAA0-097F-4ADC-A1FE-028364F85C68}.Release|Any CPU.ActiveCfg = Release|Any CPU
		{8F19CAA0-097F-4ADC-A1FE-028364F85C68}.Release|Any CPU.Build.0 = Release|Any CPU
		{8F19CAA0-097F-4ADC-A1FE-028364F85C68}.Release|Mixed Platforms.ActiveCfg = Release|Any CPU
		{8F19CAA0-097F-4ADC-A1FE-028364F85C68}.Release|Mixed Platforms.Build.0 = Release|Any CPU
		{8F19CAA0-097F-4ADC-A1FE-028364F85C68}.Release|x64.ActiveCfg = Release|x64
		{8F19CAA0-097F-4ADC-A1FE-028364F85C68}.Release|x64.Build.0 = Release|x64
		{8F19CAA0-097F-4ADC-A1FE-028364F85C68}.Release|x86.ActiveCfg = Release|Any CPU
		{8CDB73BC-5CFF-4173-86B6-3103BF3592EB}.Debug|Any CPU.ActiveCfg = Debug|Any CPU
		{8CDB73BC-5CFF-4173-86B6-3103BF3592EB}.Debug|Any CPU.Build.0 = Debug|Any CPU
		{8CDB73BC-5CFF-4173-86B6-3103BF3592EB}.Debug|Mixed Platforms.ActiveCfg = Debug|Any CPU
		{8CDB73BC-5CFF-4173-86B6-3103BF3592EB}.Debug|Mixed Platforms.Build.0 = Debug|Any CPU
		{8CDB73BC-5CFF-4173-86B6-3103BF3592EB}.Debug|x64.ActiveCfg = Debug|Any CPU
		{8CDB73BC-5CFF-4173-86B6-3103BF3592EB}.Debug|x86.ActiveCfg = Debug|Any CPU
		{8CDB73BC-5CFF-4173-86B6-3103BF3592EB}.DebugLocal|Any CPU.ActiveCfg = Debug|Any CPU
		{8CDB73BC-5CFF-4173-86B6-3103BF3592EB}.DebugLocal|Any CPU.Build.0 = Debug|Any CPU
		{8CDB73BC-5CFF-4173-86B6-3103BF3592EB}.DebugLocal|Mixed Platforms.ActiveCfg = Debug|Any CPU
		{8CDB73BC-5CFF-4173-86B6-3103BF3592EB}.DebugLocal|Mixed Platforms.Build.0 = Debug|Any CPU
		{8CDB73BC-5CFF-4173-86B6-3103BF3592EB}.DebugLocal|x64.ActiveCfg = Debug|Any CPU
		{8CDB73BC-5CFF-4173-86B6-3103BF3592EB}.DebugLocal|x64.Build.0 = Debug|Any CPU
		{8CDB73BC-5CFF-4173-86B6-3103BF3592EB}.DebugLocal|x86.ActiveCfg = Debug|Any CPU
		{8CDB73BC-5CFF-4173-86B6-3103BF3592EB}.DebugLocal|x86.Build.0 = Debug|Any CPU
		{8CDB73BC-5CFF-4173-86B6-3103BF3592EB}.Release|Any CPU.ActiveCfg = Release|Any CPU
		{8CDB73BC-5CFF-4173-86B6-3103BF3592EB}.Release|Any CPU.Build.0 = Release|Any CPU
		{8CDB73BC-5CFF-4173-86B6-3103BF3592EB}.Release|Mixed Platforms.ActiveCfg = Release|Any CPU
		{8CDB73BC-5CFF-4173-86B6-3103BF3592EB}.Release|Mixed Platforms.Build.0 = Release|Any CPU
		{8CDB73BC-5CFF-4173-86B6-3103BF3592EB}.Release|x64.ActiveCfg = Release|Any CPU
		{8CDB73BC-5CFF-4173-86B6-3103BF3592EB}.Release|x86.ActiveCfg = Release|Any CPU
		{B94AA628-58E1-4A31-80CC-1FBED26C5E35}.Debug|Any CPU.ActiveCfg = Debug|Any CPU
		{B94AA628-58E1-4A31-80CC-1FBED26C5E35}.Debug|Any CPU.Build.0 = Debug|Any CPU
		{B94AA628-58E1-4A31-80CC-1FBED26C5E35}.Debug|Mixed Platforms.ActiveCfg = Debug|Any CPU
		{B94AA628-58E1-4A31-80CC-1FBED26C5E35}.Debug|Mixed Platforms.Build.0 = Debug|Any CPU
		{B94AA628-58E1-4A31-80CC-1FBED26C5E35}.Debug|x64.ActiveCfg = Debug|Any CPU
		{B94AA628-58E1-4A31-80CC-1FBED26C5E35}.Debug|x64.Build.0 = Debug|Any CPU
		{B94AA628-58E1-4A31-80CC-1FBED26C5E35}.Debug|x86.ActiveCfg = Debug|Any CPU
		{B94AA628-58E1-4A31-80CC-1FBED26C5E35}.Debug|x86.Build.0 = Debug|Any CPU
		{B94AA628-58E1-4A31-80CC-1FBED26C5E35}.DebugLocal|Any CPU.ActiveCfg = Debug|Any CPU
		{B94AA628-58E1-4A31-80CC-1FBED26C5E35}.DebugLocal|Any CPU.Build.0 = Debug|Any CPU
		{B94AA628-58E1-4A31-80CC-1FBED26C5E35}.DebugLocal|Mixed Platforms.ActiveCfg = Debug|Any CPU
		{B94AA628-58E1-4A31-80CC-1FBED26C5E35}.DebugLocal|Mixed Platforms.Build.0 = Debug|Any CPU
		{B94AA628-58E1-4A31-80CC-1FBED26C5E35}.DebugLocal|x64.ActiveCfg = Debug|Any CPU
		{B94AA628-58E1-4A31-80CC-1FBED26C5E35}.DebugLocal|x64.Build.0 = Debug|Any CPU
		{B94AA628-58E1-4A31-80CC-1FBED26C5E35}.DebugLocal|x86.ActiveCfg = Debug|Any CPU
		{B94AA628-58E1-4A31-80CC-1FBED26C5E35}.DebugLocal|x86.Build.0 = Debug|Any CPU
		{B94AA628-58E1-4A31-80CC-1FBED26C5E35}.Release|Any CPU.ActiveCfg = Release|Any CPU
		{B94AA628-58E1-4A31-80CC-1FBED26C5E35}.Release|Any CPU.Build.0 = Release|Any CPU
		{B94AA628-58E1-4A31-80CC-1FBED26C5E35}.Release|Mixed Platforms.ActiveCfg = Release|Any CPU
		{B94AA628-58E1-4A31-80CC-1FBED26C5E35}.Release|Mixed Platforms.Build.0 = Release|Any CPU
		{B94AA628-58E1-4A31-80CC-1FBED26C5E35}.Release|x64.ActiveCfg = Release|Any CPU
		{B94AA628-58E1-4A31-80CC-1FBED26C5E35}.Release|x64.Build.0 = Release|Any CPU
		{B94AA628-58E1-4A31-80CC-1FBED26C5E35}.Release|x86.ActiveCfg = Release|Any CPU
		{B94AA628-58E1-4A31-80CC-1FBED26C5E35}.Release|x86.Build.0 = Release|Any CPU
		{9C43C32D-C3D0-4773-9502-4D0293B791B8}.Debug|Any CPU.ActiveCfg = Debug|Any CPU
		{9C43C32D-C3D0-4773-9502-4D0293B791B8}.Debug|Any CPU.Build.0 = Debug|Any CPU
		{9C43C32D-C3D0-4773-9502-4D0293B791B8}.Debug|Mixed Platforms.ActiveCfg = Debug|Any CPU
		{9C43C32D-C3D0-4773-9502-4D0293B791B8}.Debug|Mixed Platforms.Build.0 = Debug|Any CPU
		{9C43C32D-C3D0-4773-9502-4D0293B791B8}.Debug|x64.ActiveCfg = Debug|Any CPU
		{9C43C32D-C3D0-4773-9502-4D0293B791B8}.Debug|x64.Build.0 = Debug|Any CPU
		{9C43C32D-C3D0-4773-9502-4D0293B791B8}.Debug|x86.ActiveCfg = Debug|Any CPU
		{9C43C32D-C3D0-4773-9502-4D0293B791B8}.Debug|x86.Build.0 = Debug|Any CPU
		{9C43C32D-C3D0-4773-9502-4D0293B791B8}.DebugLocal|Any CPU.ActiveCfg = Debug|Any CPU
		{9C43C32D-C3D0-4773-9502-4D0293B791B8}.DebugLocal|Any CPU.Build.0 = Debug|Any CPU
		{9C43C32D-C3D0-4773-9502-4D0293B791B8}.DebugLocal|Mixed Platforms.ActiveCfg = Debug|Any CPU
		{9C43C32D-C3D0-4773-9502-4D0293B791B8}.DebugLocal|Mixed Platforms.Build.0 = Debug|Any CPU
		{9C43C32D-C3D0-4773-9502-4D0293B791B8}.DebugLocal|x64.ActiveCfg = Debug|Any CPU
		{9C43C32D-C3D0-4773-9502-4D0293B791B8}.DebugLocal|x64.Build.0 = Debug|Any CPU
		{9C43C32D-C3D0-4773-9502-4D0293B791B8}.DebugLocal|x86.ActiveCfg = Debug|Any CPU
		{9C43C32D-C3D0-4773-9502-4D0293B791B8}.DebugLocal|x86.Build.0 = Debug|Any CPU
		{9C43C32D-C3D0-4773-9502-4D0293B791B8}.Release|Any CPU.ActiveCfg = Release|Any CPU
		{9C43C32D-C3D0-4773-9502-4D0293B791B8}.Release|Any CPU.Build.0 = Release|Any CPU
		{9C43C32D-C3D0-4773-9502-4D0293B791B8}.Release|Mixed Platforms.ActiveCfg = Release|Any CPU
		{9C43C32D-C3D0-4773-9502-4D0293B791B8}.Release|Mixed Platforms.Build.0 = Release|Any CPU
		{9C43C32D-C3D0-4773-9502-4D0293B791B8}.Release|x64.ActiveCfg = Release|Any CPU
		{9C43C32D-C3D0-4773-9502-4D0293B791B8}.Release|x64.Build.0 = Release|Any CPU
		{9C43C32D-C3D0-4773-9502-4D0293B791B8}.Release|x86.ActiveCfg = Release|Any CPU
		{9C43C32D-C3D0-4773-9502-4D0293B791B8}.Release|x86.Build.0 = Release|Any CPU
		{9F85AAF6-632F-4C38-9837-BA0651716F1D}.Debug|Any CPU.ActiveCfg = Debug|Any CPU
		{9F85AAF6-632F-4C38-9837-BA0651716F1D}.Debug|Any CPU.Build.0 = Debug|Any CPU
		{9F85AAF6-632F-4C38-9837-BA0651716F1D}.Debug|Mixed Platforms.ActiveCfg = Debug|Any CPU
		{9F85AAF6-632F-4C38-9837-BA0651716F1D}.Debug|Mixed Platforms.Build.0 = Debug|Any CPU
		{9F85AAF6-632F-4C38-9837-BA0651716F1D}.Debug|x64.ActiveCfg = Debug|Any CPU
		{9F85AAF6-632F-4C38-9837-BA0651716F1D}.Debug|x64.Build.0 = Debug|Any CPU
		{9F85AAF6-632F-4C38-9837-BA0651716F1D}.Debug|x86.ActiveCfg = Debug|Any CPU
		{9F85AAF6-632F-4C38-9837-BA0651716F1D}.Debug|x86.Build.0 = Debug|Any CPU
		{9F85AAF6-632F-4C38-9837-BA0651716F1D}.DebugLocal|Any CPU.ActiveCfg = Debug|Any CPU
		{9F85AAF6-632F-4C38-9837-BA0651716F1D}.DebugLocal|Any CPU.Build.0 = Debug|Any CPU
		{9F85AAF6-632F-4C38-9837-BA0651716F1D}.DebugLocal|Mixed Platforms.ActiveCfg = Debug|Any CPU
		{9F85AAF6-632F-4C38-9837-BA0651716F1D}.DebugLocal|Mixed Platforms.Build.0 = Debug|Any CPU
		{9F85AAF6-632F-4C38-9837-BA0651716F1D}.DebugLocal|x64.ActiveCfg = Debug|Any CPU
		{9F85AAF6-632F-4C38-9837-BA0651716F1D}.DebugLocal|x64.Build.0 = Debug|Any CPU
		{9F85AAF6-632F-4C38-9837-BA0651716F1D}.DebugLocal|x86.ActiveCfg = Debug|Any CPU
		{9F85AAF6-632F-4C38-9837-BA0651716F1D}.DebugLocal|x86.Build.0 = Debug|Any CPU
		{9F85AAF6-632F-4C38-9837-BA0651716F1D}.Release|Any CPU.ActiveCfg = Release|Any CPU
		{9F85AAF6-632F-4C38-9837-BA0651716F1D}.Release|Any CPU.Build.0 = Release|Any CPU
		{9F85AAF6-632F-4C38-9837-BA0651716F1D}.Release|Mixed Platforms.ActiveCfg = Release|Any CPU
		{9F85AAF6-632F-4C38-9837-BA0651716F1D}.Release|Mixed Platforms.Build.0 = Release|Any CPU
		{9F85AAF6-632F-4C38-9837-BA0651716F1D}.Release|x64.ActiveCfg = Release|Any CPU
		{9F85AAF6-632F-4C38-9837-BA0651716F1D}.Release|x64.Build.0 = Release|Any CPU
		{9F85AAF6-632F-4C38-9837-BA0651716F1D}.Release|x86.ActiveCfg = Release|Any CPU
		{9F85AAF6-632F-4C38-9837-BA0651716F1D}.Release|x86.Build.0 = Release|Any CPU
		{438301AB-3926-4249-9A34-3289FF0571DE}.Debug|Any CPU.ActiveCfg = Debug|Any CPU
		{438301AB-3926-4249-9A34-3289FF0571DE}.Debug|Any CPU.Build.0 = Debug|Any CPU
		{438301AB-3926-4249-9A34-3289FF0571DE}.Debug|Mixed Platforms.ActiveCfg = Debug|Any CPU
		{438301AB-3926-4249-9A34-3289FF0571DE}.Debug|Mixed Platforms.Build.0 = Debug|Any CPU
		{438301AB-3926-4249-9A34-3289FF0571DE}.Debug|x64.ActiveCfg = Debug|Any CPU
		{438301AB-3926-4249-9A34-3289FF0571DE}.Debug|x64.Build.0 = Debug|Any CPU
		{438301AB-3926-4249-9A34-3289FF0571DE}.Debug|x86.ActiveCfg = Debug|Any CPU
		{438301AB-3926-4249-9A34-3289FF0571DE}.Debug|x86.Build.0 = Debug|Any CPU
		{438301AB-3926-4249-9A34-3289FF0571DE}.DebugLocal|Any CPU.ActiveCfg = Debug|Any CPU
		{438301AB-3926-4249-9A34-3289FF0571DE}.DebugLocal|Any CPU.Build.0 = Debug|Any CPU
		{438301AB-3926-4249-9A34-3289FF0571DE}.DebugLocal|Mixed Platforms.ActiveCfg = Debug|Any CPU
		{438301AB-3926-4249-9A34-3289FF0571DE}.DebugLocal|Mixed Platforms.Build.0 = Debug|Any CPU
		{438301AB-3926-4249-9A34-3289FF0571DE}.DebugLocal|x64.ActiveCfg = Debug|Any CPU
		{438301AB-3926-4249-9A34-3289FF0571DE}.DebugLocal|x64.Build.0 = Debug|Any CPU
		{438301AB-3926-4249-9A34-3289FF0571DE}.DebugLocal|x86.ActiveCfg = Debug|Any CPU
		{438301AB-3926-4249-9A34-3289FF0571DE}.DebugLocal|x86.Build.0 = Debug|Any CPU
		{438301AB-3926-4249-9A34-3289FF0571DE}.Release|Any CPU.ActiveCfg = Release|Any CPU
		{438301AB-3926-4249-9A34-3289FF0571DE}.Release|Any CPU.Build.0 = Release|Any CPU
		{438301AB-3926-4249-9A34-3289FF0571DE}.Release|Mixed Platforms.ActiveCfg = Release|Any CPU
		{438301AB-3926-4249-9A34-3289FF0571DE}.Release|Mixed Platforms.Build.0 = Release|Any CPU
		{438301AB-3926-4249-9A34-3289FF0571DE}.Release|x64.ActiveCfg = Release|Any CPU
		{438301AB-3926-4249-9A34-3289FF0571DE}.Release|x64.Build.0 = Release|Any CPU
		{438301AB-3926-4249-9A34-3289FF0571DE}.Release|x86.ActiveCfg = Release|Any CPU
		{438301AB-3926-4249-9A34-3289FF0571DE}.Release|x86.Build.0 = Release|Any CPU
	EndGlobalSection
	GlobalSection(SolutionProperties) = preSolution
		HideSolutionNode = FALSE
	EndGlobalSection
	GlobalSection(ExtensibilityGlobals) = postSolution
		SolutionGuid = {911E45B7-27E0-412E-8394-1D76CE5C0873}
	EndGlobalSection
EndGlobal
